
Microsoft Visual Studio Solution File, Format Version 12.00
# Visual Studio Version 17
VisualStudioVersion = 17.5.33516.290
MinimumVisualStudioVersion = 10.0.40219.1
Project("{FAE04EC0-301F-11D3-BF4B-00C04F79EFBC}") = "EcommerceAPI", "EcommerceAPI\EcommerceAPI.csproj", "{6FC846B6-F193-49EC-8CE6-5E3DAAEE8DEF}"
EndProject
Global
	GlobalSection(SolutionConfigurationPlatforms) = preSolution
		Debug|Any CPU = Debug|Any CPU
		Release|Any CPU = Release|Any CPU
	EndGlobalSection
	GlobalSection(ProjectConfigurationPlatforms) = postSolution
		{6FC846B6-F193-49EC-8CE6-5E3DAAEE8DEF}.Debug|Any CPU.ActiveCfg = Debug|Any CPU
		{6FC846B6-F193-49EC-8CE6-5E3DAAEE8DEF}.Debug|Any CPU.Build.0 = Debug|Any CPU
		{6FC846B6-F193-49EC-8CE6-5E3DAAEE8DEF}.Release|Any CPU.ActiveCfg = Release|Any CPU
		{6FC846B6-F193-49EC-8CE6-5E3DAAEE8DEF}.Release|Any CPU.Build.0 = Release|Any CPU
	EndGlobalSection
	GlobalSection(SolutionProperties) = preSolution
		HideSolutionNode = FALSE
	EndGlobalSection
	GlobalSection(ExtensibilityGlobals) = postSolution
		SolutionGuid = {3E7EFD9D-4038-4C11-A9BA-E04D806BAC24}
	EndGlobalSection
EndGlobal
